
Microsoft Visual Studio Solution File, Format Version 12.00
# Visual Studio Version 16
VisualStudioVersion = 16.0.32002.261
MinimumVisualStudioVersion = 10.0.40219.1
Project("{8BC9CEB8-8B4A-11D0-8D11-00A0C91BC942}") = "5-9", "5-9\5-9.vcxproj", "{147CCD8B-2AA8-435D-8BA6-80A8FB545A0B}"
EndProject
Global
	GlobalSection(SolutionConfigurationPlatforms) = preSolution
		Debug|x64 = Debug|x64
		Debug|x86 = Debug|x86
		Release|x64 = Release|x64
		Release|x86 = Release|x86
	EndGlobalSection
	GlobalSection(ProjectConfigurationPlatforms) = postSolution
		{147CCD8B-2AA8-435D-8BA6-80A8FB545A0B}.Debug|x64.ActiveCfg = Debug|x64
		{147CCD8B-2AA8-435D-8BA6-80A8FB545A0B}.Debug|x64.Build.0 = Debug|x64
		{147CCD8B-2AA8-435D-8BA6-80A8FB545A0B}.Debug|x86.ActiveCfg = Debug|Win32
		{147CCD8B-2AA8-435D-8BA6-80A8FB545A0B}.Debug|x86.Build.0 = Debug|Win32
		{147CCD8B-2AA8-435D-8BA6-80A8FB545A0B}.Release|x64.ActiveCfg = Release|x64
		{147CCD8B-2AA8-435D-8BA6-80A8FB545A0B}.Release|x64.Build.0 = Release|x64
		{147CCD8B-2AA8-435D-8BA6-80A8FB545A0B}.Release|x86.ActiveCfg = Release|Win32
		{147CCD8B-2AA8-435D-8BA6-80A8FB545A0B}.Release|x86.Build.0 = Release|Win32
	EndGlobalSection
	GlobalSection(SolutionProperties) = preSolution
		HideSolutionNode = FALSE
	EndGlobalSection
	GlobalSection(ExtensibilityGlobals) = postSolution
		SolutionGuid = {4BEACA87-AEA1-4275-8A1B-41BD3140B6D3}
	EndGlobalSection
EndGlobal
